github.com/kardianos/service v1.2.2 h1:ZvePhAHfvo0A7Mftk/tEzqEZ7Q4lgnR8sGz4xu1YX60=
github.com/kardianos/service v1.2.2/go.mod h1:CIMRFEJVL+0DS1a3Nx06NaMn4Dz63Ng6O7dl0qH0zVM=
github.com/xxl6097/go-glog v0.0.6 h1:97GCqihljZAKNrBFsnSWT8XONwl8mf3ruzWQfFMOilo=
github.com/xxl6097/go-glog v0.0.6/go.mod h1:FI2GotVtTm6pXskaTa6g6+Z0tqSGS0iJP9sqcsCnGMY=
github.com/xxl6097/go-glog v0.0.7 h1:HEiO70Ub4f/rc1JbpwAXWWyrpqi7uya2SJxmAehU4AI=
github.com/xxl6097/go-glog v0.0.7/go.mod h1:FI2GotVtTm6pXskaTa6g6+Z0tqSGS0iJP9sqcsCnGMY=
golang.org/x/sys v0.0.0-20201015000850-e3ed0017c211 h1:9UQO31fZ+0aKQOFldThf7BKPMJTiBfWycGh/u3UoO88=
golang.org/x/sys v0.0.0-20201015000850-e3ed0017c211/go.mod h1:h1NjWce9XRLGQEsW7wpKNCjG9DtNlClVuFLEZdDNbEs=
